
Microsoft Visual Studio Solution File, Format Version 12.00
# Visual Studio Version 17
VisualStudioVersion = 17.10.35122.118
MinimumVisualStudioVersion = 10.0.40219.1
Project("{8BC9CEB8-8B4A-11D0-8D11-00A0C91BC942}") = "2295", "2295\2295.vcxproj", "{1DDE0070-0129-4F31-8619-EFCC53E778A0}"
EndProject
Global
	GlobalSection(SolutionConfigurationPlatforms) = preSolution
		Debug|x64 = Debug|x64
		Debug|x86 = Debug|x86
		Release|x64 = Release|x64
		Release|x86 = Release|x86
	EndGlobalSection
	GlobalSection(ProjectConfigurationPlatforms) = postSolution
		{1DDE0070-0129-4F31-8619-EFCC53E778A0}.Debug|x64.ActiveCfg = Debug|x64
		{1DDE0070-0129-4F31-8619-EFCC53E778A0}.Debug|x64.Build.0 = Debug|x64
		{1DDE0070-0129-4F31-8619-EFCC53E778A0}.Debug|x86.ActiveCfg = Debug|Win32
		{1DDE0070-0129-4F31-8619-EFCC53E778A0}.Debug|x86.Build.0 = Debug|Win32
		{1DDE0070-0129-4F31-8619-EFCC53E778A0}.Release|x64.ActiveCfg = Release|x64
		{1DDE0070-0129-4F31-8619-EFCC53E778A0}.Release|x64.Build.0 = Release|x64
		{1DDE0070-0129-4F31-8619-EFCC53E778A0}.Release|x86.ActiveCfg = Release|Win32
		{1DDE0070-0129-4F31-8619-EFCC53E778A0}.Release|x86.Build.0 = Release|Win32
	EndGlobalSection
	GlobalSection(SolutionProperties) = preSolution
		HideSolutionNode = FALSE
	EndGlobalSection
	GlobalSection(ExtensibilityGlobals) = postSolution
		SolutionGuid = {E674E088-FF0E-4704-B41D-8CFE54CA3DFC}
	EndGlobalSection
EndGlobal
