
Microsoft Visual Studio Solution File, Format Version 12.00
# Visual Studio Version 17
VisualStudioVersion = 17.9.34723.18
MinimumVisualStudioVersion = 10.0.40219.1
Project("{8BC9CEB8-8B4A-11D0-8D11-00A0C91BC942}") = "4485", "4485\4485.vcxproj", "{32A6175D-3EDC-4214-8C96-916038493DFC}"
EndProject
Global
	GlobalSection(SolutionConfigurationPlatforms) = preSolution
		Debug|x64 = Debug|x64
		Debug|x86 = Debug|x86
		Release|x64 = Release|x64
		Release|x86 = Release|x86
	EndGlobalSection
	GlobalSection(ProjectConfigurationPlatforms) = postSolution
		{32A6175D-3EDC-4214-8C96-916038493DFC}.Debug|x64.ActiveCfg = Debug|x64
		{32A6175D-3EDC-4214-8C96-916038493DFC}.Debug|x64.Build.0 = Debug|x64
		{32A6175D-3EDC-4214-8C96-916038493DFC}.Debug|x86.ActiveCfg = Debug|Win32
		{32A6175D-3EDC-4214-8C96-916038493DFC}.Debug|x86.Build.0 = Debug|Win32
		{32A6175D-3EDC-4214-8C96-916038493DFC}.Release|x64.ActiveCfg = Release|x64
		{32A6175D-3EDC-4214-8C96-916038493DFC}.Release|x64.Build.0 = Release|x64
		{32A6175D-3EDC-4214-8C96-916038493DFC}.Release|x86.ActiveCfg = Release|Win32
		{32A6175D-3EDC-4214-8C96-916038493DFC}.Release|x86.Build.0 = Release|Win32
	EndGlobalSection
	GlobalSection(SolutionProperties) = preSolution
		HideSolutionNode = FALSE
	EndGlobalSection
	GlobalSection(ExtensibilityGlobals) = postSolution
		SolutionGuid = {678BF7C9-78F0-435E-9C94-E0E8C286DF9D}
	EndGlobalSection
EndGlobal
