
Microsoft Visual Studio Solution File, Format Version 12.00
# Visual Studio Version 17
VisualStudioVersion = 17.11.35208.52
MinimumVisualStudioVersion = 10.0.40219.1
Project("{8BC9CEB8-8B4A-11D0-8D11-00A0C91BC942}") = "1168", "1168\1168.vcxproj", "{0EF90579-0AFF-439D-A74B-4E84BD444F7F}"
EndProject
Global
	GlobalSection(SolutionConfigurationPlatforms) = preSolution
		Debug|x64 = Debug|x64
		Debug|x86 = Debug|x86
		Release|x64 = Release|x64
		Release|x86 = Release|x86
	EndGlobalSection
	GlobalSection(ProjectConfigurationPlatforms) = postSolution
		{0EF90579-0AFF-439D-A74B-4E84BD444F7F}.Debug|x64.ActiveCfg = Debug|x64
		{0EF90579-0AFF-439D-A74B-4E84BD444F7F}.Debug|x64.Build.0 = Debug|x64
		{0EF90579-0AFF-439D-A74B-4E84BD444F7F}.Debug|x86.ActiveCfg = Debug|Win32
		{0EF90579-0AFF-439D-A74B-4E84BD444F7F}.Debug|x86.Build.0 = Debug|Win32
		{0EF90579-0AFF-439D-A74B-4E84BD444F7F}.Release|x64.ActiveCfg = Release|x64
		{0EF90579-0AFF-439D-A74B-4E84BD444F7F}.Release|x64.Build.0 = Release|x64
		{0EF90579-0AFF-439D-A74B-4E84BD444F7F}.Release|x86.ActiveCfg = Release|Win32
		{0EF90579-0AFF-439D-A74B-4E84BD444F7F}.Release|x86.Build.0 = Release|Win32
	EndGlobalSection
	GlobalSection(SolutionProperties) = preSolution
		HideSolutionNode = FALSE
	EndGlobalSection
	GlobalSection(ExtensibilityGlobals) = postSolution
		SolutionGuid = {E8A972AB-56AB-41F1-8AAB-72DD222E964A}
	EndGlobalSection
EndGlobal
